
Microsoft Visual Studio Solution File, Format Version 12.00
# Visual Studio Version 17
VisualStudioVersion = 17.6.33815.320
MinimumVisualStudioVersion = 10.0.40219.1
Project("{FAE04EC0-301F-11D3-BF4B-00C04F79EFBC}") = "ConsoleApp2", "ConsoleApp2\ConsoleApp2.csproj", "{AC9109E6-6E61-47E6-96DC-EE2B976D7742}"
EndProject
Project("{FAE04EC0-301F-11D3-BF4B-00C04F79EFBC}") = "конвертацияСтроки", "ConsoleApp3\конвертацияСтроки.csproj", "{276ADB29-5D55-4484-B66A-52551C1AE71F}"
EndProject
Project("{FAE04EC0-301F-11D3-BF4B-00C04F79EFBC}") = "ОПЕРАТОРЫ. АРИФМЕТИЧЕСКИЕ ОПЕРАЦИИ С ЧИСЛАМИ В C#", "ОПЕРАТОРЫ. АРИФМЕТИЧЕСКИЕ ОПЕРАЦИИ С ЧИСЛАМИ В C#\ОПЕРАТОРЫ. АРИФМЕТИЧЕСКИЕ ОПЕРАЦИИ С ЧИСЛАМИ В C#.csproj", "{F994D90F-E23D-4E4C-AA17-C4743C8C9CE0}"
EndProject
Project("{FAE04EC0-301F-11D3-BF4B-00C04F79EFBC}") = "homework", "несколько проектов в одном решении\homework.csproj", "{D5ED899A-318D-4ECB-A3FE-3BFC489BBEFE}"
EndProject
Project("{FAE04EC0-301F-11D3-BF4B-00C04F79EFBC}") = "homework2", "homework2\homework2.csproj", "{9AADD379-AF94-4821-8D9C-A12E9AC96B03}"
EndProject
Project("{FAE04EC0-301F-11D3-BF4B-00C04F79EFBC}") = "SamostoyatelbnayaRabota", "SamostoyatelbnayaRabota\SamostoyatelbnayaRabota.csproj", "{88B26165-CB7D-4109-9641-99CF5BCA1353}"
EndProject
Project("{FAE04EC0-301F-11D3-BF4B-00C04F79EFBC}") = "calc", "calc\calc.csproj", "{6BE87836-8C02-47B4-939D-B27C11CAC86B}"
EndProject
Project("{FAE04EC0-301F-11D3-BF4B-00C04F79EFBC}") = "oddEvenNumber", "while\oddEvenNumber.csproj", "{749FAA4E-0D69-47CE-9CC7-C37437CF5446}"
EndProject
Project("{FAE04EC0-301F-11D3-BF4B-00C04F79EFBC}") = "Break", "Break\Break.csproj", "{22E26510-5B46-4CFC-8A57-E7963AF869E4}"
EndProject
Project("{FAE04EC0-301F-11D3-BF4B-00C04F79EFBC}") = "nested loops(вложенные циклы)", "nested loops(вложенные циклы)\nested loops(вложенные циклы).csproj", "{59AA8C99-9E72-4FA5-84C7-1B9A5B52E7DD}"
EndProject
Project("{FAE04EC0-301F-11D3-BF4B-00C04F79EFBC}") = "ex1", "ex1\ex1.csproj", "{8783F73A-B3CF-409B-AB6A-84AD59CB27E7}"
EndProject
Project("{FAE04EC0-301F-11D3-BF4B-00C04F79EFBC}") = "triangle", "triangle\triangle.csproj", "{8D9EEBB3-C40E-4D49-AFB6-3674D7C66D45}"
EndProject
Project("{FAE04EC0-301F-11D3-BF4B-00C04F79EFBC}") = "fizzbuzz", "fizzbuzz\fizzbuzz.csproj", "{5F05F715-A556-4AAC-99C4-DD3CC6E47224}"
EndProject
Project("{FAE04EC0-301F-11D3-BF4B-00C04F79EFBC}") = "triangle2", "triangle2\triangle2.csproj", "{2FA1058A-964E-4FD5-A553-511EA5262B7C}"
EndProject
Project("{FAE04EC0-301F-11D3-BF4B-00C04F79EFBC}") = "triangle3", "triangle3\triangle3.csproj", "{5B0B9DD2-D53F-4BAA-BC2C-08FE4B17E201}"
EndProject
Project("{FAE04EC0-301F-11D3-BF4B-00C04F79EFBC}") = "triangle3_v2", "triangle3_v2\triangle3_v2.csproj", "{6E219389-786D-4421-8653-6EFD6873C6F1}"
EndProject
Project("{FAE04EC0-301F-11D3-BF4B-00C04F79EFBC}") = "triangle4", "triangle4\triangle4.csproj", "{301B9B50-5B0C-4F9D-A03C-B725915B3C77}"
EndProject
Project("{FAE04EC0-301F-11D3-BF4B-00C04F79EFBC}") = "ternarniyOperator", "ternarniyOperator\ternarniyOperator.csproj", "{FFB06C81-0C3F-4E10-ABAB-B275864B4125}"
EndProject
Project("{FAE04EC0-301F-11D3-BF4B-00C04F79EFBC}") = "array", "array\array.csproj", "{FBF238EA-09CB-4C20-9402-6113BFDD1F88}"
EndProject
Project("{2150E333-8FDC-42A3-9474-1A3956D46DE8}") = "Самостоятельная работа", "Самостоятельная работа", "{69657366-2DD5-474B-A7AF-4D0A87500D2A}"
EndProject
Project("{FAE04EC0-301F-11D3-BF4B-00C04F79EFBC}") = "ConsoleApp1", "ConsoleApp1\ConsoleApp1.csproj", "{0B7181F1-D8B8-4DB6-8671-2A15D6C30AC2}"
EndProject
Project("{2150E333-8FDC-42A3-9474-1A3956D46DE8}") = "SimpleCode(Framework)", "SimpleCode(Framework)", "{940F4115-61C8-452B-8D7B-FF1D3CFC132C}"
EndProject
Project("{FAE04EC0-301F-11D3-BF4B-00C04F79EFBC}") = "Массивы и циклы", "Массивы и циклы\Массивы и циклы.csproj", "{E8C01169-BC4B-4BFC-9AFA-6646838D010C}"
EndProject
Project("{FAE04EC0-301F-11D3-BF4B-00C04F79EFBC}") = "HW(Massiv)", "HW(Massiv)\HW(Massiv).csproj", "{AEC2312C-8234-4B66-A6E4-0604CE3ADC4F}"
EndProject
Project("{FAE04EC0-301F-11D3-BF4B-00C04F79EFBC}") = "HW2(Массив)", "HW2(Массив)\HW2(Массив).csproj", "{90845865-0307-4204-B390-826CAB7EA4FA}"
EndProject
Project("{FAE04EC0-301F-11D3-BF4B-00C04F79EFBC}") = "HW3(Массив)", "HW3(Массив)\HW3(Массив).csproj", "{5FFA37E0-0BE5-4BB0-829F-8AD9A324D0B1}"
EndProject
Project("{FAE04EC0-301F-11D3-BF4B-00C04F79EFBC}") = "как работать с массивами на самом деле", "как работать с массивами на самом деле\как работать с массивами на самом деле.csproj", "{E5320AFA-90EE-4BB1-81A8-66B21BE18A43}"
EndProject
Project("{FAE04EC0-301F-11D3-BF4B-00C04F79EFBC}") = "Типы данных", "..\изучение C#\Типы данных\Типы данных.csproj", "{D179BA62-AC7D-4AEA-8556-9366CA78998C}"
EndProject
Project("{2150E333-8FDC-42A3-9474-1A3956D46DE8}") = "Изучение C#", "Изучение C#", "{085C7ED2-E40E-418C-827F-3E7FE70F5783}"
EndProject
Project("{FAE04EC0-301F-11D3-BF4B-00C04F79EFBC}") = "Система урона", "Система урона\Система урона.csproj", "{D4CC1221-DA1A-46B9-8CA5-607530418247}"
EndProject
Project("{FAE04EC0-301F-11D3-BF4B-00C04F79EFBC}") = "индексы и диапазоны", "индексы и диапазоны\индексы и диапазоны.csproj", "{A05592DF-8425-42E1-AD20-53BD32C246D8}"
EndProject
Project("{2150E333-8FDC-42A3-9474-1A3956D46DE8}") = "SimpleCode(Core)", "SimpleCode(Core)", "{CDDE3D7F-12CE-44C9-A3FC-6ED60B54D747}"
EndProject
Project("{9A19103F-16F7-4668-BE54-9A1E7A4F7556}") = "indexes and ranges(индексы и диапазоны)", "ConsoleApp4\indexes and ranges(индексы и диапазоны).csproj", "{4C721719-CC77-4989-812F-B37307FC1B96}"
EndProject
Project("{9A19103F-16F7-4668-BE54-9A1E7A4F7556}") = "tiyFizzBuzz", "tiyFizzBuzz\tiyFizzBuzz.csproj", "{C9B0E065-E9D7-4734-8EBB-C36D9EAFAED4}"
EndProject
Project("{9A19103F-16F7-4668-BE54-9A1E7A4F7556}") = "двумерный массив", "двумерный массив\двумерный массив.csproj", "{5D63ACB4-B63E-4F1C-8A49-B68D4471BFD7}"
EndProject
Project("{9A19103F-16F7-4668-BE54-9A1E7A4F7556}") = "день недели", "день недели\день недели.csproj", "{8A04FB0E-A425-4C73-BAD0-EB01F7EDFB2A}"
EndProject
Project("{9A19103F-16F7-4668-BE54-9A1E7A4F7556}") = "Lario and Muigi Pipe Problem", "Lario and Muigi Pipe Problem\Lario and Muigi Pipe Problem.csproj", "{39CA966E-4A72-4581-BCD8-821930C6D2D2}"
EndProject
Project("{9A19103F-16F7-4668-BE54-9A1E7A4F7556}") = "Arrays", "Arrays\Arrays.csproj", "{784AE6EC-08B2-4724-B287-B344B96A9395}"
EndProject
Project("{9A19103F-16F7-4668-BE54-9A1E7A4F7556}") = "опрКолСлов", "опрКолСлов\опрКолСлов.csproj", "{55C68E72-1730-401F-84B5-B6EA756F16F4}"
EndProject
Project("{9A19103F-16F7-4668-BE54-9A1E7A4F7556}") = "дваОтсортМассива", "дваОтсортМассива\дваОтсортМассива.csproj", "{EAB085A5-BFBC-4F93-9D1A-55B6781B3748}"
EndProject
Project("{9A19103F-16F7-4668-BE54-9A1E7A4F7556}") = "Зубчатые массивы", "Зубчатые массивы\Зубчатые массивы.csproj", "{8E019FC1-6705-4F6C-B41B-6CF621452F62}"
EndProject
Project("{9A19103F-16F7-4668-BE54-9A1E7A4F7556}") = "Трехмерные и более массивы", "Трехмерные и более массивы\Трехмерные и более массивы.csproj", "{D561EDF9-786C-4AAC-8C85-4B250CFDCC0D}"
EndProject
Project("{9A19103F-16F7-4668-BE54-9A1E7A4F7556}") = "ДЗ_методы", "ДЗ_методы\ДЗ_методы.csproj", "{81DD7901-5489-4E20-8DA3-8A39BAB0D300}"
EndProject
Project("{9A19103F-16F7-4668-BE54-9A1E7A4F7556}") = "ДЗметодыПоиска", "ДЗметодыПоиска\ДЗметодыПоиска.csproj", "{0D43BACE-4953-461F-9030-5EC2CEC24009}"
EndProject
Project("{9A19103F-16F7-4668-BE54-9A1E7A4F7556}") = "перегрузка методов и для чего она нужна", "перегрузка методов и для чего она нужна\перегрузка методов и для чего она нужна.csproj", "{31A68677-E779-4763-A81F-C68D89072B8B}"
EndProject
Project("{9A19103F-16F7-4668-BE54-9A1E7A4F7556}") = "ссылочные и значимые типы Стек и Куча", "ссылочные и значимые типы Стек и Куча\ссылочные и значимые типы Стек и Куча.csproj", "{5FC6644A-3FE8-4608-8FEA-79426685DD5B}"
EndProject
Project("{9A19103F-16F7-4668-BE54-9A1E7A4F7556}") = "что такое ключевое слово null", "что такое ключевое слово null\что такое ключевое слово null.csproj", "{5AFE7305-CC76-4020-85AB-D88E5EC2F8C6}"
EndProject
Project("{9A19103F-16F7-4668-BE54-9A1E7A4F7556}") = "ОПЕРАТОР ОБЪЕДИНЕНИЯ С NULL", "ОПЕРАТОР ОБЪЕДИНЕНИЯ С NULL\ОПЕРАТОР ОБЪЕДИНЕНИЯ С NULL.csproj", "{ED5544F3-894F-4458-96F4-7A3CC01629D1}"
EndProject
Project("{9A19103F-16F7-4668-BE54-9A1E7A4F7556}") = "ОПЕРАТОР ПРИСВАИВАНИЯ ОБЪЕДИНЕНИЯ СО ЗНАЧЕНИЕМ NULL", "ОПЕРАТОР ПРИСВАИВАНИЯ ОБЪЕДИНЕНИЯ СО ЗНАЧЕНИЕМ NULL\ОПЕРАТОР ПРИСВАИВАНИЯ ОБЪЕДИНЕНИЯ СО ЗНАЧЕНИЕМ NULL.csproj", "{85F8E6CF-C468-4794-8AAC-F01D4AAF3363}"
EndProject
Project("{9A19103F-16F7-4668-BE54-9A1E7A4F7556}") = "ОПЕРАТОР УСЛОВНОГО NULL", "ОПЕРАТОР УСЛОВНОГО NULL\ОПЕРАТОР УСЛОВНОГО NULL.csproj", "{07C8BE1C-B6D5-4726-9DEC-DE6F8F9C04A0}"
EndProject
Project("{9A19103F-16F7-4668-BE54-9A1E7A4F7556}") = "ключевое слово ref", "ключевое слово ref\ключевое слово ref.csproj", "{36EF2EDD-D31A-4485-A248-6F5B7186F2D5}"
EndProject
Project("{9A19103F-16F7-4668-BE54-9A1E7A4F7556}") = "массив изменяющий количество элементов", "массив изменяющий количество элементов\массив изменяющий количество элементов.csproj", "{D778FA21-562D-426C-AEA1-3E828C82A84C}"
EndProject
Project("{9A19103F-16F7-4668-BE54-9A1E7A4F7556}") = "метод для добавления элемента в начало и конец массива по указанному индексу", "метод для добавления элемента в начало и конец массива по указанному индексу\метод для добавления элемента в начало и конец массива по указанному индексу.csproj", "{57C21901-8A6A-43AA-825A-CAE651F2F16C}"
EndProject
Project("{9A19103F-16F7-4668-BE54-9A1E7A4F7556}") = "как добавить элемент в массив", "как добавить элемент в массив\как добавить элемент в массив.csproj", "{207D7FC7-C001-43BF-8465-95B46DAAF9F8}"
EndProject
Project("{9A19103F-16F7-4668-BE54-9A1E7A4F7556}") = "удалением первого и последнего элемента в массиве", "удалением первого и последнего элемента в массиве\удалением первого и последнего элемента в массиве.csproj", "{868B062D-7A90-42A0-9EE5-0C12DEAFF05C}"
EndProject
Project("{9A19103F-16F7-4668-BE54-9A1E7A4F7556}") = "123", "123\123.csproj", "{1CCEDAFD-FF91-48F1-A0A7-8D7D3CCA8C2D}"
EndProject
Project("{9A19103F-16F7-4668-BE54-9A1E7A4F7556}") = "ключевое слово out разница между ref и out", "ключевое слово out разница между ref и out\ключевое слово out разница между ref и out.csproj", "{ED7A178E-1D0B-4A1E-AA88-C410A29B7591}"
EndProject
Project("{9A19103F-16F7-4668-BE54-9A1E7A4F7556}") = "ключевое слово params", "ключевое слово params\ключевое слово params.csproj", "{E1F6AA4F-1432-4EF1-811D-2959A11ED512}"
EndProject
Project("{9A19103F-16F7-4668-BE54-9A1E7A4F7556}") = "необязательные параметры методов", "необязательные параметры методов\необязательные параметры методов.csproj", "{88788662-A721-4A03-9EED-4425C7AC5355}"
EndProject
Project("{9A19103F-16F7-4668-BE54-9A1E7A4F7556}") = "imenovannieParametri(metodi)", "imenovannieParametri(metodi)\imenovannieParametri(metodi).csproj", "{4EDEBB8F-0A08-4A37-A0CE-F323F28155BB}"
EndProject
Project("{9A19103F-16F7-4668-BE54-9A1E7A4F7556}") = "DoubleChar(Codewars)", "DoubleChar(Codewars)\DoubleChar(Codewars).csproj", "{FB054C6C-4B94-4E17-9F0D-12A9A091F830}"
EndProject
Project("{9A19103F-16F7-4668-BE54-9A1E7A4F7556}") = "rekursiya,metodi i stek, perepolnenie steka", "rekursiya,metodi i stek, perepolnenie steka\rekursiya,metodi i stek, perepolnenie steka.csproj", "{A2BF481E-AFFF-42C8-8DB3-373CAADD7D90}"
EndProject
Project("{9A19103F-16F7-4668-BE54-9A1E7A4F7556}") = "realizovatVizovMassivaSPomoshyuRekursii", "rekursiya(HOMEWORKS)\realizovatVizovMassivaSPomoshyuRekursii.csproj", "{0A71F1ED-F05E-4EEB-8E93-7AC7A161253C}"
EndProject
Project("{9A19103F-16F7-4668-BE54-9A1E7A4F7556}") = "summa elementov massiva rekursiya", "summa elementov massiva rekursiya\summa elementov massiva rekursiya.csproj", "{500B2477-B31F-4585-B325-68B7BC8038A2}"
EndProject
Project("{9A19103F-16F7-4668-BE54-9A1E7A4F7556}") = "nayti summu tchifr chisla", "nayti summu tchifr chisla\nayti summu tchifr chisla.csproj", "{2404888A-3CD1-4E45-9B9E-BA660235AC1A}"
EndProject
Project("{9A19103F-16F7-4668-BE54-9A1E7A4F7556}") = "Null - совместимые знанчимые типы(Nullable)", "Null - совместимые знанчимые типы(Nullable)\Null - совместимые знанчимые типы(Nullable).csproj", "{3BC8AA6D-DC50-45EF-A037-035994FEA0C8}"
EndProject
Project("{9A19103F-16F7-4668-BE54-9A1E7A4F7556}") = "Ключевое слово var", "Ключевое слово var\Ключевое слово var.csproj", "{C7B155EC-1CBD-4FFC-A621-4D97AA83A373}"
EndProject
Project("{9A19103F-16F7-4668-BE54-9A1E7A4F7556}") = "enum-что это и для чего это нужно", "enum-что это и для чего это нужно\enum-что это и для чего это нужно.csproj", "{5E1C3D72-C38D-4E88-B29C-2ABC2200059E}"
EndProject
Project("{9A19103F-16F7-4668-BE54-9A1E7A4F7556}") = "представление отрицательных чисел", "представление отрицательных чисел\представление отрицательных чисел.csproj", "{AB3800FA-BAF2-403D-A62D-336A076F26C0}"
EndProject
Project("{2150E333-8FDC-42A3-9474-1A3956D46DE8}") = "ООП. Класс. Объект класса", "ООП. Класс. Объект класса", "{88C7637B-3BC7-46BC-8F8E-59C64FF41485}"
EndProject
Project("{9A19103F-16F7-4668-BE54-9A1E7A4F7556}") = "ООП. Класс. Объект класса", "ООП. Класс. Объект класса\ООП. Класс. Объект класса.csproj", "{D89CB5E8-0DA2-44C4-B2E4-A909E792F4E0}"
EndProject
Project("{9A19103F-16F7-4668-BE54-9A1E7A4F7556}") = "сортировка", "сортировка\сортировка.csproj", "{A574247F-172F-4B4F-8C1E-66069AA4897B}"
EndProject
Project("{9A19103F-16F7-4668-BE54-9A1E7A4F7556}") = "Students", "Students\Students.csproj", "{6431F126-C920-4ED2-A7EF-F968DEF0309D}"
EndProject
Project("{2150E333-8FDC-42A3-9474-1A3956D46DE8}") = "ООП", "ООП", "{885370EB-3F23-4D1E-B67A-2FAC6B9DF0D0}"
EndProject
Project("{9A19103F-16F7-4668-BE54-9A1E7A4F7556}") = "Модификаторы доступа", "Модификаторы доступа\Модификаторы доступа.csproj", "{41C899D6-ED86-4ECB-B0AC-20412D0F0A91}"
EndProject
Project("{9A19103F-16F7-4668-BE54-9A1E7A4F7556}") = "Локальные функции", "Локальные функции\Локальные функции.csproj", "{42FE7540-7F57-49EC-9D54-A3D9F4C94455}"
EndProject
Project("{9A19103F-16F7-4668-BE54-9A1E7A4F7556}") = "constructors(конструкторы)", "constructors(конструкторы)\constructors(конструкторы).csproj", "{1298C2E9-46D0-4087-BF83-4B19ADB8DCF7}"
EndProject
Project("{9A19103F-16F7-4668-BE54-9A1E7A4F7556}") = "keywordThis(ключевое слово this)", "keywordThis(ключевое слово this)\keywordThis(ключевое слово this).csproj", "{22111A52-29C3-40A2-A4B1-8EE78ADBD819}"
EndProject
Project("{9A19103F-16F7-4668-BE54-9A1E7A4F7556}") = "encapsulation(инкапсуляция)", "encapsulation(инкапсуляция)\encapsulation(инкапсуляция).csproj", "{5E5A7FEE-8242-4B00-8F3C-132EB93C32BE}"
EndProject
Project("{9A19103F-16F7-4668-BE54-9A1E7A4F7556}") = "overloading class constructors(перегрузка конструкторов класса)", "overloading class constructors(перегрузка конструкторов класса)\overloading class constructors(перегрузка конструкторов класса).csproj", "{473BF8CE-59D2-45DB-9B18-4022CEBCD45C}"
EndProject
Project("{FAE04EC0-301F-11D3-BF4B-00C04F79EFBC}") = "overloading class constructors(перегрузка конструкторов класса) задача", "overloading class constructors(перегрузка конструкторов класса) задача\overloading class constructors(перегрузка конструкторов класса) задача.csproj", "{E50A56F3-71EB-411F-A255-AB1999F0F2E6}"
EndProject
Project("{9A19103F-16F7-4668-BE54-9A1E7A4F7556}") = "this(ключевое слово this и что это такое)", "this(ключевое слово this и что это такое)\this(ключевое слово this и что это такое).csproj", "{E31A4D6B-D81B-410C-8AEA-920E80EB3832}"
EndProject
Project("{FAE04EC0-301F-11D3-BF4B-00C04F79EFBC}") = "Properties(свойства автоматические свойства)", "Properties(свойства автоматические свойства)\Properties(свойства автоматические свойства).csproj", "{19CA35B9-9E46-4F8C-AEA3-16798BBB96F5}"
EndProject
Project("{FAE04EC0-301F-11D3-BF4B-00C04F79EFBC}") = "static ключевое слово", "static ключевое слово\static ключевое слово.csproj", "{71B0FC7F-D3D9-414E-9B14-CE92F8C38D88}"
EndProject
Project("{FAE04EC0-301F-11D3-BF4B-00C04F79EFBC}") = "static methods C#", "static methods C#\static methods C#.csproj", "{E284BE85-EA25-432B-863B-73D07217BA2B}"
EndProject
Project("{FAE04EC0-301F-11D3-BF4B-00C04F79EFBC}") = "static constructors C#", "static constructors C#\static constructors C#.csproj", "{0164CF08-3B42-4120-947C-A8622E1DF752}"
EndProject
Project("{FAE04EC0-301F-11D3-BF4B-00C04F79EFBC}") = "static constructrs C#task", "static constructrs C#task\static constructrs C#task.csproj", "{50BBD4DC-C744-4659-800A-7A88796140F9}"
EndProject
Global
	GlobalSection(SolutionConfigurationPlatforms) = preSolution
		Debug|Any CPU = Debug|Any CPU
		Release|Any CPU = Release|Any CPU
	EndGlobalSection
	GlobalSection(ProjectConfigurationPlatforms) = postSolution
		{AC9109E6-6E61-47E6-96DC-EE2B976D7742}.Debug|Any CPU.ActiveCfg = Debug|Any CPU
		{AC9109E6-6E61-47E6-96DC-EE2B976D7742}.Debug|Any CPU.Build.0 = Debug|Any CPU
		{AC9109E6-6E61-47E6-96DC-EE2B976D7742}.Release|Any CPU.ActiveCfg = Release|Any CPU
		{AC9109E6-6E61-47E6-96DC-EE2B976D7742}.Release|Any CPU.Build.0 = Release|Any CPU
		{276ADB29-5D55-4484-B66A-52551C1AE71F}.Debug|Any CPU.ActiveCfg = Debug|Any CPU
		{276ADB29-5D55-4484-B66A-52551C1AE71F}.Debug|Any CPU.Build.0 = Debug|Any CPU
		{276ADB29-5D55-4484-B66A-52551C1AE71F}.Release|Any CPU.ActiveCfg = Release|Any CPU
		{276ADB29-5D55-4484-B66A-52551C1AE71F}.Release|Any CPU.Build.0 = Release|Any CPU
		{F994D90F-E23D-4E4C-AA17-C4743C8C9CE0}.Debug|Any CPU.ActiveCfg = Debug|Any CPU
		{F994D90F-E23D-4E4C-AA17-C4743C8C9CE0}.Debug|Any CPU.Build.0 = Debug|Any CPU
		{F994D90F-E23D-4E4C-AA17-C4743C8C9CE0}.Release|Any CPU.ActiveCfg = Release|Any CPU
		{F994D90F-E23D-4E4C-AA17-C4743C8C9CE0}.Release|Any CPU.Build.0 = Release|Any CPU
		{D5ED899A-318D-4ECB-A3FE-3BFC489BBEFE}.Debug|Any CPU.ActiveCfg = Debug|Any CPU
		{D5ED899A-318D-4ECB-A3FE-3BFC489BBEFE}.Debug|Any CPU.Build.0 = Debug|Any CPU
		{D5ED899A-318D-4ECB-A3FE-3BFC489BBEFE}.Release|Any CPU.ActiveCfg = Release|Any CPU
		{D5ED899A-318D-4ECB-A3FE-3BFC489BBEFE}.Release|Any CPU.Build.0 = Release|Any CPU
		{9AADD379-AF94-4821-8D9C-A12E9AC96B03}.Debug|Any CPU.ActiveCfg = Debug|Any CPU
		{9AADD379-AF94-4821-8D9C-A12E9AC96B03}.Debug|Any CPU.Build.0 = Debug|Any CPU
		{9AADD379-AF94-4821-8D9C-A12E9AC96B03}.Release|Any CPU.ActiveCfg = Release|Any CPU
		{9AADD379-AF94-4821-8D9C-A12E9AC96B03}.Release|Any CPU.Build.0 = Release|Any CPU
		{88B26165-CB7D-4109-9641-99CF5BCA1353}.Debug|Any CPU.ActiveCfg = Debug|Any CPU
		{88B26165-CB7D-4109-9641-99CF5BCA1353}.Debug|Any CPU.Build.0 = Debug|Any CPU
		{88B26165-CB7D-4109-9641-99CF5BCA1353}.Release|Any CPU.ActiveCfg = Release|Any CPU
		{88B26165-CB7D-4109-9641-99CF5BCA1353}.Release|Any CPU.Build.0 = Release|Any CPU
		{6BE87836-8C02-47B4-939D-B27C11CAC86B}.Debug|Any CPU.ActiveCfg = Debug|Any CPU
		{6BE87836-8C02-47B4-939D-B27C11CAC86B}.Debug|Any CPU.Build.0 = Debug|Any CPU
		{6BE87836-8C02-47B4-939D-B27C11CAC86B}.Release|Any CPU.ActiveCfg = Release|Any CPU
		{6BE87836-8C02-47B4-939D-B27C11CAC86B}.Release|Any CPU.Build.0 = Release|Any CPU
		{749FAA4E-0D69-47CE-9CC7-C37437CF5446}.Debug|Any CPU.ActiveCfg = Debug|Any CPU
		{749FAA4E-0D69-47CE-9CC7-C37437CF5446}.Debug|Any CPU.Build.0 = Debug|Any CPU
		{749FAA4E-0D69-47CE-9CC7-C37437CF5446}.Release|Any CPU.ActiveCfg = Release|Any CPU
		{749FAA4E-0D69-47CE-9CC7-C37437CF5446}.Release|Any CPU.Build.0 = Release|Any CPU
		{22E26510-5B46-4CFC-8A57-E7963AF869E4}.Debug|Any CPU.ActiveCfg = Debug|Any CPU
		{22E26510-5B46-4CFC-8A57-E7963AF869E4}.Debug|Any CPU.Build.0 = Debug|Any CPU
		{22E26510-5B46-4CFC-8A57-E7963AF869E4}.Release|Any CPU.ActiveCfg = Release|Any CPU
		{22E26510-5B46-4CFC-8A57-E7963AF869E4}.Release|Any CPU.Build.0 = Release|Any CPU
		{59AA8C99-9E72-4FA5-84C7-1B9A5B52E7DD}.Debug|Any CPU.ActiveCfg = Debug|Any CPU
		{59AA8C99-9E72-4FA5-84C7-1B9A5B52E7DD}.Debug|Any CPU.Build.0 = Debug|Any CPU
		{59AA8C99-9E72-4FA5-84C7-1B9A5B52E7DD}.Release|Any CPU.ActiveCfg = Release|Any CPU
		{59AA8C99-9E72-4FA5-84C7-1B9A5B52E7DD}.Release|Any CPU.Build.0 = Release|Any CPU
		{8783F73A-B3CF-409B-AB6A-84AD59CB27E7}.Debug|Any CPU.ActiveCfg = Debug|Any CPU
		{8783F73A-B3CF-409B-AB6A-84AD59CB27E7}.Debug|Any CPU.Build.0 = Debug|Any CPU
		{8783F73A-B3CF-409B-AB6A-84AD59CB27E7}.Release|Any CPU.ActiveCfg = Release|Any CPU
		{8783F73A-B3CF-409B-AB6A-84AD59CB27E7}.Release|Any CPU.Build.0 = Release|Any CPU
		{8D9EEBB3-C40E-4D49-AFB6-3674D7C66D45}.Debug|Any CPU.ActiveCfg = Debug|Any CPU
		{8D9EEBB3-C40E-4D49-AFB6-3674D7C66D45}.Debug|Any CPU.Build.0 = Debug|Any CPU
		{8D9EEBB3-C40E-4D49-AFB6-3674D7C66D45}.Release|Any CPU.ActiveCfg = Release|Any CPU
		{8D9EEBB3-C40E-4D49-AFB6-3674D7C66D45}.Release|Any CPU.Build.0 = Release|Any CPU
		{5F05F715-A556-4AAC-99C4-DD3CC6E47224}.Debug|Any CPU.ActiveCfg = Debug|Any CPU
		{5F05F715-A556-4AAC-99C4-DD3CC6E47224}.Debug|Any CPU.Build.0 = Debug|Any CPU
		{5F05F715-A556-4AAC-99C4-DD3CC6E47224}.Release|Any CPU.ActiveCfg = Release|Any CPU
		{5F05F715-A556-4AAC-99C4-DD3CC6E47224}.Release|Any CPU.Build.0 = Release|Any CPU
		{2FA1058A-964E-4FD5-A553-511EA5262B7C}.Debug|Any CPU.ActiveCfg = Debug|Any CPU
		{2FA1058A-964E-4FD5-A553-511EA5262B7C}.Debug|Any CPU.Build.0 = Debug|Any CPU
		{2FA1058A-964E-4FD5-A553-511EA5262B7C}.Release|Any CPU.ActiveCfg = Release|Any CPU
		{2FA1058A-964E-4FD5-A553-511EA5262B7C}.Release|Any CPU.Build.0 = Release|Any CPU
		{5B0B9DD2-D53F-4BAA-BC2C-08FE4B17E201}.Debug|Any CPU.ActiveCfg = Debug|Any CPU
		{5B0B9DD2-D53F-4BAA-BC2C-08FE4B17E201}.Debug|Any CPU.Build.0 = Debug|Any CPU
		{5B0B9DD2-D53F-4BAA-BC2C-08FE4B17E201}.Release|Any CPU.ActiveCfg = Release|Any CPU
		{5B0B9DD2-D53F-4BAA-BC2C-08FE4B17E201}.Release|Any CPU.Build.0 = Release|Any CPU
		{6E219389-786D-4421-8653-6EFD6873C6F1}.Debug|Any CPU.ActiveCfg = Debug|Any CPU
		{6E219389-786D-4421-8653-6EFD6873C6F1}.Debug|Any CPU.Build.0 = Debug|Any CPU
		{6E219389-786D-4421-8653-6EFD6873C6F1}.Release|Any CPU.ActiveCfg = Release|Any CPU
		{6E219389-786D-4421-8653-6EFD6873C6F1}.Release|Any CPU.Build.0 = Release|Any CPU
		{301B9B50-5B0C-4F9D-A03C-B725915B3C77}.Debug|Any CPU.ActiveCfg = Debug|Any CPU
		{301B9B50-5B0C-4F9D-A03C-B725915B3C77}.Debug|Any CPU.Build.0 = Debug|Any CPU
		{301B9B50-5B0C-4F9D-A03C-B725915B3C77}.Release|Any CPU.ActiveCfg = Release|Any CPU
		{301B9B50-5B0C-4F9D-A03C-B725915B3C77}.Release|Any CPU.Build.0 = Release|Any CPU
		{FFB06C81-0C3F-4E10-ABAB-B275864B4125}.Debug|Any CPU.ActiveCfg = Debug|Any CPU
		{FFB06C81-0C3F-4E10-ABAB-B275864B4125}.Debug|Any CPU.Build.0 = Debug|Any CPU
		{FFB06C81-0C3F-4E10-ABAB-B275864B4125}.Release|Any CPU.ActiveCfg = Release|Any CPU
		{FFB06C81-0C3F-4E10-ABAB-B275864B4125}.Release|Any CPU.Build.0 = Release|Any CPU
		{FBF238EA-09CB-4C20-9402-6113BFDD1F88}.Debug|Any CPU.ActiveCfg = Debug|Any CPU
		{FBF238EA-09CB-4C20-9402-6113BFDD1F88}.Debug|Any CPU.Build.0 = Debug|Any CPU
		{FBF238EA-09CB-4C20-9402-6113BFDD1F88}.Release|Any CPU.ActiveCfg = Release|Any CPU
		{FBF238EA-09CB-4C20-9402-6113BFDD1F88}.Release|Any CPU.Build.0 = Release|Any CPU
		{0B7181F1-D8B8-4DB6-8671-2A15D6C30AC2}.Debug|Any CPU.ActiveCfg = Debug|Any CPU
		{0B7181F1-D8B8-4DB6-8671-2A15D6C30AC2}.Debug|Any CPU.Build.0 = Debug|Any CPU
		{0B7181F1-D8B8-4DB6-8671-2A15D6C30AC2}.Release|Any CPU.ActiveCfg = Release|Any CPU
		{0B7181F1-D8B8-4DB6-8671-2A15D6C30AC2}.Release|Any CPU.Build.0 = Release|Any CPU
		{E8C01169-BC4B-4BFC-9AFA-6646838D010C}.Debug|Any CPU.ActiveCfg = Debug|Any CPU
		{E8C01169-BC4B-4BFC-9AFA-6646838D010C}.Debug|Any CPU.Build.0 = Debug|Any CPU
		{E8C01169-BC4B-4BFC-9AFA-6646838D010C}.Release|Any CPU.ActiveCfg = Release|Any CPU
		{E8C01169-BC4B-4BFC-9AFA-6646838D010C}.Release|Any CPU.Build.0 = Release|Any CPU
		{AEC2312C-8234-4B66-A6E4-0604CE3ADC4F}.Debug|Any CPU.ActiveCfg = Debug|Any CPU
		{AEC2312C-8234-4B66-A6E4-0604CE3ADC4F}.Debug|Any CPU.Build.0 = Debug|Any CPU
		{AEC2312C-8234-4B66-A6E4-0604CE3ADC4F}.Release|Any CPU.ActiveCfg = Release|Any CPU
		{AEC2312C-8234-4B66-A6E4-0604CE3ADC4F}.Release|Any CPU.Build.0 = Release|Any CPU
		{90845865-0307-4204-B390-826CAB7EA4FA}.Debug|Any CPU.ActiveCfg = Debug|Any CPU
		{90845865-0307-4204-B390-826CAB7EA4FA}.Debug|Any CPU.Build.0 = Debug|Any CPU
		{90845865-0307-4204-B390-826CAB7EA4FA}.Release|Any CPU.ActiveCfg = Release|Any CPU
		{90845865-0307-4204-B390-826CAB7EA4FA}.Release|Any CPU.Build.0 = Release|Any CPU
		{5FFA37E0-0BE5-4BB0-829F-8AD9A324D0B1}.Debug|Any CPU.ActiveCfg = Debug|Any CPU
		{5FFA37E0-0BE5-4BB0-829F-8AD9A324D0B1}.Debug|Any CPU.Build.0 = Debug|Any CPU
		{5FFA37E0-0BE5-4BB0-829F-8AD9A324D0B1}.Release|Any CPU.ActiveCfg = Release|Any CPU
		{5FFA37E0-0BE5-4BB0-829F-8AD9A324D0B1}.Release|Any CPU.Build.0 = Release|Any CPU
		{E5320AFA-90EE-4BB1-81A8-66B21BE18A43}.Debug|Any CPU.ActiveCfg = Debug|Any CPU
		{E5320AFA-90EE-4BB1-81A8-66B21BE18A43}.Debug|Any CPU.Build.0 = Debug|Any CPU
		{E5320AFA-90EE-4BB1-81A8-66B21BE18A43}.Release|Any CPU.ActiveCfg = Release|Any CPU
		{E5320AFA-90EE-4BB1-81A8-66B21BE18A43}.Release|Any CPU.Build.0 = Release|Any CPU
		{D179BA62-AC7D-4AEA-8556-9366CA78998C}.Debug|Any CPU.ActiveCfg = Debug|Any CPU
		{D179BA62-AC7D-4AEA-8556-9366CA78998C}.Debug|Any CPU.Build.0 = Debug|Any CPU
		{D179BA62-AC7D-4AEA-8556-9366CA78998C}.Release|Any CPU.ActiveCfg = Release|Any CPU
		{D179BA62-AC7D-4AEA-8556-9366CA78998C}.Release|Any CPU.Build.0 = Release|Any CPU
		{D4CC1221-DA1A-46B9-8CA5-607530418247}.Debug|Any CPU.ActiveCfg = Debug|Any CPU
		{D4CC1221-DA1A-46B9-8CA5-607530418247}.Debug|Any CPU.Build.0 = Debug|Any CPU
		{D4CC1221-DA1A-46B9-8CA5-607530418247}.Release|Any CPU.ActiveCfg = Release|Any CPU
		{D4CC1221-DA1A-46B9-8CA5-607530418247}.Release|Any CPU.Build.0 = Release|Any CPU
		{A05592DF-8425-42E1-AD20-53BD32C246D8}.Debug|Any CPU.ActiveCfg = Debug|Any CPU
		{A05592DF-8425-42E1-AD20-53BD32C246D8}.Debug|Any CPU.Build.0 = Debug|Any CPU
		{A05592DF-8425-42E1-AD20-53BD32C246D8}.Release|Any CPU.ActiveCfg = Release|Any CPU
		{A05592DF-8425-42E1-AD20-53BD32C246D8}.Release|Any CPU.Build.0 = Release|Any CPU
		{4C721719-CC77-4989-812F-B37307FC1B96}.Debug|Any CPU.ActiveCfg = Debug|Any CPU
		{4C721719-CC77-4989-812F-B37307FC1B96}.Debug|Any CPU.Build.0 = Debug|Any CPU
		{4C721719-CC77-4989-812F-B37307FC1B96}.Release|Any CPU.ActiveCfg = Release|Any CPU
		{4C721719-CC77-4989-812F-B37307FC1B96}.Release|Any CPU.Build.0 = Release|Any CPU
		{C9B0E065-E9D7-4734-8EBB-C36D9EAFAED4}.Debug|Any CPU.ActiveCfg = Debug|Any CPU
		{C9B0E065-E9D7-4734-8EBB-C36D9EAFAED4}.Debug|Any CPU.Build.0 = Debug|Any CPU
		{C9B0E065-E9D7-4734-8EBB-C36D9EAFAED4}.Release|Any CPU.ActiveCfg = Release|Any CPU
		{C9B0E065-E9D7-4734-8EBB-C36D9EAFAED4}.Release|Any CPU.Build.0 = Release|Any CPU
		{5D63ACB4-B63E-4F1C-8A49-B68D4471BFD7}.Debug|Any CPU.ActiveCfg = Debug|Any CPU
		{5D63ACB4-B63E-4F1C-8A49-B68D4471BFD7}.Debug|Any CPU.Build.0 = Debug|Any CPU
		{5D63ACB4-B63E-4F1C-8A49-B68D4471BFD7}.Release|Any CPU.ActiveCfg = Release|Any CPU
		{5D63ACB4-B63E-4F1C-8A49-B68D4471BFD7}.Release|Any CPU.Build.0 = Release|Any CPU
		{8A04FB0E-A425-4C73-BAD0-EB01F7EDFB2A}.Debug|Any CPU.ActiveCfg = Debug|Any CPU
		{8A04FB0E-A425-4C73-BAD0-EB01F7EDFB2A}.Debug|Any CPU.Build.0 = Debug|Any CPU
		{8A04FB0E-A425-4C73-BAD0-EB01F7EDFB2A}.Release|Any CPU.ActiveCfg = Release|Any CPU
		{8A04FB0E-A425-4C73-BAD0-EB01F7EDFB2A}.Release|Any CPU.Build.0 = Release|Any CPU
		{39CA966E-4A72-4581-BCD8-821930C6D2D2}.Debug|Any CPU.ActiveCfg = Debug|Any CPU
		{39CA966E-4A72-4581-BCD8-821930C6D2D2}.Debug|Any CPU.Build.0 = Debug|Any CPU
		{39CA966E-4A72-4581-BCD8-821930C6D2D2}.Release|Any CPU.ActiveCfg = Release|Any CPU
		{39CA966E-4A72-4581-BCD8-821930C6D2D2}.Release|Any CPU.Build.0 = Release|Any CPU
		{784AE6EC-08B2-4724-B287-B344B96A9395}.Debug|Any CPU.ActiveCfg = Debug|Any CPU
		{784AE6EC-08B2-4724-B287-B344B96A9395}.Debug|Any CPU.Build.0 = Debug|Any CPU
		{784AE6EC-08B2-4724-B287-B344B96A9395}.Release|Any CPU.ActiveCfg = Release|Any CPU
		{784AE6EC-08B2-4724-B287-B344B96A9395}.Release|Any CPU.Build.0 = Release|Any CPU
		{55C68E72-1730-401F-84B5-B6EA756F16F4}.Debug|Any CPU.ActiveCfg = Debug|Any CPU
		{55C68E72-1730-401F-84B5-B6EA756F16F4}.Debug|Any CPU.Build.0 = Debug|Any CPU
		{55C68E72-1730-401F-84B5-B6EA756F16F4}.Release|Any CPU.ActiveCfg = Release|Any CPU
		{55C68E72-1730-401F-84B5-B6EA756F16F4}.Release|Any CPU.Build.0 = Release|Any CPU
		{EAB085A5-BFBC-4F93-9D1A-55B6781B3748}.Debug|Any CPU.ActiveCfg = Debug|Any CPU
		{EAB085A5-BFBC-4F93-9D1A-55B6781B3748}.Debug|Any CPU.Build.0 = Debug|Any CPU
		{EAB085A5-BFBC-4F93-9D1A-55B6781B3748}.Release|Any CPU.ActiveCfg = Release|Any CPU
		{EAB085A5-BFBC-4F93-9D1A-55B6781B3748}.Release|Any CPU.Build.0 = Release|Any CPU
		{8E019FC1-6705-4F6C-B41B-6CF621452F62}.Debug|Any CPU.ActiveCfg = Debug|Any CPU
		{8E019FC1-6705-4F6C-B41B-6CF621452F62}.Debug|Any CPU.Build.0 = Debug|Any CPU
		{8E019FC1-6705-4F6C-B41B-6CF621452F62}.Release|Any CPU.ActiveCfg = Release|Any CPU
		{8E019FC1-6705-4F6C-B41B-6CF621452F62}.Release|Any CPU.Build.0 = Release|Any CPU
		{D561EDF9-786C-4AAC-8C85-4B250CFDCC0D}.Debug|Any CPU.ActiveCfg = Debug|Any CPU
		{D561EDF9-786C-4AAC-8C85-4B250CFDCC0D}.Debug|Any CPU.Build.0 = Debug|Any CPU
		{D561EDF9-786C-4AAC-8C85-4B250CFDCC0D}.Release|Any CPU.ActiveCfg = Release|Any CPU
		{D561EDF9-786C-4AAC-8C85-4B250CFDCC0D}.Release|Any CPU.Build.0 = Release|Any CPU
		{81DD7901-5489-4E20-8DA3-8A39BAB0D300}.Debug|Any CPU.ActiveCfg = Debug|Any CPU
		{81DD7901-5489-4E20-8DA3-8A39BAB0D300}.Debug|Any CPU.Build.0 = Debug|Any CPU
		{81DD7901-5489-4E20-8DA3-8A39BAB0D300}.Release|Any CPU.ActiveCfg = Release|Any CPU
		{81DD7901-5489-4E20-8DA3-8A39BAB0D300}.Release|Any CPU.Build.0 = Release|Any CPU
		{0D43BACE-4953-461F-9030-5EC2CEC24009}.Debug|Any CPU.ActiveCfg = Debug|Any CPU
		{0D43BACE-4953-461F-9030-5EC2CEC24009}.Debug|Any CPU.Build.0 = Debug|Any CPU
		{0D43BACE-4953-461F-9030-5EC2CEC24009}.Release|Any CPU.ActiveCfg = Release|Any CPU
		{0D43BACE-4953-461F-9030-5EC2CEC24009}.Release|Any CPU.Build.0 = Release|Any CPU
		{31A68677-E779-4763-A81F-C68D89072B8B}.Debug|Any CPU.ActiveCfg = Debug|Any CPU
		{31A68677-E779-4763-A81F-C68D89072B8B}.Debug|Any CPU.Build.0 = Debug|Any CPU
		{31A68677-E779-4763-A81F-C68D89072B8B}.Release|Any CPU.ActiveCfg = Release|Any CPU
		{31A68677-E779-4763-A81F-C68D89072B8B}.Release|Any CPU.Build.0 = Release|Any CPU
		{5FC6644A-3FE8-4608-8FEA-79426685DD5B}.Debug|Any CPU.ActiveCfg = Debug|Any CPU
		{5FC6644A-3FE8-4608-8FEA-79426685DD5B}.Debug|Any CPU.Build.0 = Debug|Any CPU
		{5FC6644A-3FE8-4608-8FEA-79426685DD5B}.Release|Any CPU.ActiveCfg = Release|Any CPU
		{5FC6644A-3FE8-4608-8FEA-79426685DD5B}.Release|Any CPU.Build.0 = Release|Any CPU
		{5AFE7305-CC76-4020-85AB-D88E5EC2F8C6}.Debug|Any CPU.ActiveCfg = Debug|Any CPU
		{5AFE7305-CC76-4020-85AB-D88E5EC2F8C6}.Debug|Any CPU.Build.0 = Debug|Any CPU
		{5AFE7305-CC76-4020-85AB-D88E5EC2F8C6}.Release|Any CPU.ActiveCfg = Release|Any CPU
		{5AFE7305-CC76-4020-85AB-D88E5EC2F8C6}.Release|Any CPU.Build.0 = Release|Any CPU
		{ED5544F3-894F-4458-96F4-7A3CC01629D1}.Debug|Any CPU.ActiveCfg = Debug|Any CPU
		{ED5544F3-894F-4458-96F4-7A3CC01629D1}.Debug|Any CPU.Build.0 = Debug|Any CPU
		{ED5544F3-894F-4458-96F4-7A3CC01629D1}.Release|Any CPU.ActiveCfg = Release|Any CPU
		{ED5544F3-894F-4458-96F4-7A3CC01629D1}.Release|Any CPU.Build.0 = Release|Any CPU
		{85F8E6CF-C468-4794-8AAC-F01D4AAF3363}.Debug|Any CPU.ActiveCfg = Debug|Any CPU
		{85F8E6CF-C468-4794-8AAC-F01D4AAF3363}.Debug|Any CPU.Build.0 = Debug|Any CPU
		{85F8E6CF-C468-4794-8AAC-F01D4AAF3363}.Release|Any CPU.ActiveCfg = Release|Any CPU
		{85F8E6CF-C468-4794-8AAC-F01D4AAF3363}.Release|Any CPU.Build.0 = Release|Any CPU
		{07C8BE1C-B6D5-4726-9DEC-DE6F8F9C04A0}.Debug|Any CPU.ActiveCfg = Debug|Any CPU
		{07C8BE1C-B6D5-4726-9DEC-DE6F8F9C04A0}.Debug|Any CPU.Build.0 = Debug|Any CPU
		{07C8BE1C-B6D5-4726-9DEC-DE6F8F9C04A0}.Release|Any CPU.ActiveCfg = Release|Any CPU
		{07C8BE1C-B6D5-4726-9DEC-DE6F8F9C04A0}.Release|Any CPU.Build.0 = Release|Any CPU
		{36EF2EDD-D31A-4485-A248-6F5B7186F2D5}.Debug|Any CPU.ActiveCfg = Debug|Any CPU
		{36EF2EDD-D31A-4485-A248-6F5B7186F2D5}.Debug|Any CPU.Build.0 = Debug|Any CPU
		{36EF2EDD-D31A-4485-A248-6F5B7186F2D5}.Release|Any CPU.ActiveCfg = Release|Any CPU
		{36EF2EDD-D31A-4485-A248-6F5B7186F2D5}.Release|Any CPU.Build.0 = Release|Any CPU
		{D778FA21-562D-426C-AEA1-3E828C82A84C}.Debug|Any CPU.ActiveCfg = Debug|Any CPU
		{D778FA21-562D-426C-AEA1-3E828C82A84C}.Debug|Any CPU.Build.0 = Debug|Any CPU
		{D778FA21-562D-426C-AEA1-3E828C82A84C}.Release|Any CPU.ActiveCfg = Release|Any CPU
		{D778FA21-562D-426C-AEA1-3E828C82A84C}.Release|Any CPU.Build.0 = Release|Any CPU
		{57C21901-8A6A-43AA-825A-CAE651F2F16C}.Debug|Any CPU.ActiveCfg = Debug|Any CPU
		{57C21901-8A6A-43AA-825A-CAE651F2F16C}.Debug|Any CPU.Build.0 = Debug|Any CPU
		{57C21901-8A6A-43AA-825A-CAE651F2F16C}.Release|Any CPU.ActiveCfg = Release|Any CPU
		{57C21901-8A6A-43AA-825A-CAE651F2F16C}.Release|Any CPU.Build.0 = Release|Any CPU
		{207D7FC7-C001-43BF-8465-95B46DAAF9F8}.Debug|Any CPU.ActiveCfg = Debug|Any CPU
		{207D7FC7-C001-43BF-8465-95B46DAAF9F8}.Debug|Any CPU.Build.0 = Debug|Any CPU
		{207D7FC7-C001-43BF-8465-95B46DAAF9F8}.Release|Any CPU.ActiveCfg = Release|Any CPU
		{207D7FC7-C001-43BF-8465-95B46DAAF9F8}.Release|Any CPU.Build.0 = Release|Any CPU
		{868B062D-7A90-42A0-9EE5-0C12DEAFF05C}.Debug|Any CPU.ActiveCfg = Debug|Any CPU
		{868B062D-7A90-42A0-9EE5-0C12DEAFF05C}.Debug|Any CPU.Build.0 = Debug|Any CPU
		{868B062D-7A90-42A0-9EE5-0C12DEAFF05C}.Release|Any CPU.ActiveCfg = Release|Any CPU
		{868B062D-7A90-42A0-9EE5-0C12DEAFF05C}.Release|Any CPU.Build.0 = Release|Any CPU
		{1CCEDAFD-FF91-48F1-A0A7-8D7D3CCA8C2D}.Debug|Any CPU.ActiveCfg = Debug|Any CPU
		{1CCEDAFD-FF91-48F1-A0A7-8D7D3CCA8C2D}.Debug|Any CPU.Build.0 = Debug|Any CPU
		{1CCEDAFD-FF91-48F1-A0A7-8D7D3CCA8C2D}.Release|Any CPU.ActiveCfg = Release|Any CPU
		{1CCEDAFD-FF91-48F1-A0A7-8D7D3CCA8C2D}.Release|Any CPU.Build.0 = Release|Any CPU
		{ED7A178E-1D0B-4A1E-AA88-C410A29B7591}.Debug|Any CPU.ActiveCfg = Debug|Any CPU
		{ED7A178E-1D0B-4A1E-AA88-C410A29B7591}.Debug|Any CPU.Build.0 = Debug|Any CPU
		{ED7A178E-1D0B-4A1E-AA88-C410A29B7591}.Release|Any CPU.ActiveCfg = Release|Any CPU
		{ED7A178E-1D0B-4A1E-AA88-C410A29B7591}.Release|Any CPU.Build.0 = Release|Any CPU
		{E1F6AA4F-1432-4EF1-811D-2959A11ED512}.Debug|Any CPU.ActiveCfg = Debug|Any CPU
		{E1F6AA4F-1432-4EF1-811D-2959A11ED512}.Debug|Any CPU.Build.0 = Debug|Any CPU
		{E1F6AA4F-1432-4EF1-811D-2959A11ED512}.Release|Any CPU.ActiveCfg = Release|Any CPU
		{E1F6AA4F-1432-4EF1-811D-2959A11ED512}.Release|Any CPU.Build.0 = Release|Any CPU
		{88788662-A721-4A03-9EED-4425C7AC5355}.Debug|Any CPU.ActiveCfg = Debug|Any CPU
		{88788662-A721-4A03-9EED-4425C7AC5355}.Debug|Any CPU.Build.0 = Debug|Any CPU
		{88788662-A721-4A03-9EED-4425C7AC5355}.Release|Any CPU.ActiveCfg = Release|Any CPU
		{88788662-A721-4A03-9EED-4425C7AC5355}.Release|Any CPU.Build.0 = Release|Any CPU
		{4EDEBB8F-0A08-4A37-A0CE-F323F28155BB}.Debug|Any CPU.ActiveCfg = Debug|Any CPU
		{4EDEBB8F-0A08-4A37-A0CE-F323F28155BB}.Debug|Any CPU.Build.0 = Debug|Any CPU
		{4EDEBB8F-0A08-4A37-A0CE-F323F28155BB}.Release|Any CPU.ActiveCfg = Release|Any CPU
		{4EDEBB8F-0A08-4A37-A0CE-F323F28155BB}.Release|Any CPU.Build.0 = Release|Any CPU
		{FB054C6C-4B94-4E17-9F0D-12A9A091F830}.Debug|Any CPU.ActiveCfg = Debug|Any CPU
		{FB054C6C-4B94-4E17-9F0D-12A9A091F830}.Debug|Any CPU.Build.0 = Debug|Any CPU
		{FB054C6C-4B94-4E17-9F0D-12A9A091F830}.Release|Any CPU.ActiveCfg = Release|Any CPU
		{FB054C6C-4B94-4E17-9F0D-12A9A091F830}.Release|Any CPU.Build.0 = Release|Any CPU
		{A2BF481E-AFFF-42C8-8DB3-373CAADD7D90}.Debug|Any CPU.ActiveCfg = Debug|Any CPU
		{A2BF481E-AFFF-42C8-8DB3-373CAADD7D90}.Debug|Any CPU.Build.0 = Debug|Any CPU
		{A2BF481E-AFFF-42C8-8DB3-373CAADD7D90}.Release|Any CPU.ActiveCfg = Release|Any CPU
		{A2BF481E-AFFF-42C8-8DB3-373CAADD7D90}.Release|Any CPU.Build.0 = Release|Any CPU
		{0A71F1ED-F05E-4EEB-8E93-7AC7A161253C}.Debug|Any CPU.ActiveCfg = Debug|Any CPU
		{0A71F1ED-F05E-4EEB-8E93-7AC7A161253C}.Debug|Any CPU.Build.0 = Debug|Any CPU
		{0A71F1ED-F05E-4EEB-8E93-7AC7A161253C}.Release|Any CPU.ActiveCfg = Release|Any CPU
		{0A71F1ED-F05E-4EEB-8E93-7AC7A161253C}.Release|Any CPU.Build.0 = Release|Any CPU
		{500B2477-B31F-4585-B325-68B7BC8038A2}.Debug|Any CPU.ActiveCfg = Debug|Any CPU
		{500B2477-B31F-4585-B325-68B7BC8038A2}.Debug|Any CPU.Build.0 = Debug|Any CPU
		{500B2477-B31F-4585-B325-68B7BC8038A2}.Release|Any CPU.ActiveCfg = Release|Any CPU
		{500B2477-B31F-4585-B325-68B7BC8038A2}.Release|Any CPU.Build.0 = Release|Any CPU
		{2404888A-3CD1-4E45-9B9E-BA660235AC1A}.Debug|Any CPU.ActiveCfg = Debug|Any CPU
		{2404888A-3CD1-4E45-9B9E-BA660235AC1A}.Debug|Any CPU.Build.0 = Debug|Any CPU
		{2404888A-3CD1-4E45-9B9E-BA660235AC1A}.Release|Any CPU.ActiveCfg = Release|Any CPU
		{2404888A-3CD1-4E45-9B9E-BA660235AC1A}.Release|Any CPU.Build.0 = Release|Any CPU
		{3BC8AA6D-DC50-45EF-A037-035994FEA0C8}.Debug|Any CPU.ActiveCfg = Debug|Any CPU
		{3BC8AA6D-DC50-45EF-A037-035994FEA0C8}.Debug|Any CPU.Build.0 = Debug|Any CPU
		{3BC8AA6D-DC50-45EF-A037-035994FEA0C8}.Release|Any CPU.ActiveCfg = Release|Any CPU
		{3BC8AA6D-DC50-45EF-A037-035994FEA0C8}.Release|Any CPU.Build.0 = Release|Any CPU
		{C7B155EC-1CBD-4FFC-A621-4D97AA83A373}.Debug|Any CPU.ActiveCfg = Debug|Any CPU
		{C7B155EC-1CBD-4FFC-A621-4D97AA83A373}.Debug|Any CPU.Build.0 = Debug|Any CPU
		{C7B155EC-1CBD-4FFC-A621-4D97AA83A373}.Release|Any CPU.ActiveCfg = Release|Any CPU
		{C7B155EC-1CBD-4FFC-A621-4D97AA83A373}.Release|Any CPU.Build.0 = Release|Any CPU
		{5E1C3D72-C38D-4E88-B29C-2ABC2200059E}.Debug|Any CPU.ActiveCfg = Debug|Any CPU
		{5E1C3D72-C38D-4E88-B29C-2ABC2200059E}.Debug|Any CPU.Build.0 = Debug|Any CPU
		{5E1C3D72-C38D-4E88-B29C-2ABC2200059E}.Release|Any CPU.ActiveCfg = Release|Any CPU
		{5E1C3D72-C38D-4E88-B29C-2ABC2200059E}.Release|Any CPU.Build.0 = Release|Any CPU
		{AB3800FA-BAF2-403D-A62D-336A076F26C0}.Debug|Any CPU.ActiveCfg = Debug|Any CPU
		{AB3800FA-BAF2-403D-A62D-336A076F26C0}.Debug|Any CPU.Build.0 = Debug|Any CPU
		{AB3800FA-BAF2-403D-A62D-336A076F26C0}.Release|Any CPU.ActiveCfg = Release|Any CPU
		{AB3800FA-BAF2-403D-A62D-336A076F26C0}.Release|Any CPU.Build.0 = Release|Any CPU
		{D89CB5E8-0DA2-44C4-B2E4-A909E792F4E0}.Debug|Any CPU.ActiveCfg = Debug|Any CPU
		{D89CB5E8-0DA2-44C4-B2E4-A909E792F4E0}.Debug|Any CPU.Build.0 = Debug|Any CPU
		{D89CB5E8-0DA2-44C4-B2E4-A909E792F4E0}.Release|Any CPU.ActiveCfg = Release|Any CPU
		{D89CB5E8-0DA2-44C4-B2E4-A909E792F4E0}.Release|Any CPU.Build.0 = Release|Any CPU
		{A574247F-172F-4B4F-8C1E-66069AA4897B}.Debug|Any CPU.ActiveCfg = Debug|Any CPU
		{A574247F-172F-4B4F-8C1E-66069AA4897B}.Debug|Any CPU.Build.0 = Debug|Any CPU
		{A574247F-172F-4B4F-8C1E-66069AA4897B}.Release|Any CPU.ActiveCfg = Release|Any CPU
		{A574247F-172F-4B4F-8C1E-66069AA4897B}.Release|Any CPU.Build.0 = Release|Any CPU
		{6431F126-C920-4ED2-A7EF-F968DEF0309D}.Debug|Any CPU.ActiveCfg = Debug|Any CPU
		{6431F126-C920-4ED2-A7EF-F968DEF0309D}.Debug|Any CPU.Build.0 = Debug|Any CPU
		{6431F126-C920-4ED2-A7EF-F968DEF0309D}.Release|Any CPU.ActiveCfg = Release|Any CPU
		{6431F126-C920-4ED2-A7EF-F968DEF0309D}.Release|Any CPU.Build.0 = Release|Any CPU
		{41C899D6-ED86-4ECB-B0AC-20412D0F0A91}.Debug|Any CPU.ActiveCfg = Debug|Any CPU
		{41C899D6-ED86-4ECB-B0AC-20412D0F0A91}.Debug|Any CPU.Build.0 = Debug|Any CPU
		{41C899D6-ED86-4ECB-B0AC-20412D0F0A91}.Release|Any CPU.ActiveCfg = Release|Any CPU
		{41C899D6-ED86-4ECB-B0AC-20412D0F0A91}.Release|Any CPU.Build.0 = Release|Any CPU
		{42FE7540-7F57-49EC-9D54-A3D9F4C94455}.Debug|Any CPU.ActiveCfg = Debug|Any CPU
		{42FE7540-7F57-49EC-9D54-A3D9F4C94455}.Debug|Any CPU.Build.0 = Debug|Any CPU
		{42FE7540-7F57-49EC-9D54-A3D9F4C94455}.Release|Any CPU.ActiveCfg = Release|Any CPU
		{42FE7540-7F57-49EC-9D54-A3D9F4C94455}.Release|Any CPU.Build.0 = Release|Any CPU
		{1298C2E9-46D0-4087-BF83-4B19ADB8DCF7}.Debug|Any CPU.ActiveCfg = Debug|Any CPU
		{1298C2E9-46D0-4087-BF83-4B19ADB8DCF7}.Debug|Any CPU.Build.0 = Debug|Any CPU
		{1298C2E9-46D0-4087-BF83-4B19ADB8DCF7}.Release|Any CPU.ActiveCfg = Release|Any CPU
		{1298C2E9-46D0-4087-BF83-4B19ADB8DCF7}.Release|Any CPU.Build.0 = Release|Any CPU
		{22111A52-29C3-40A2-A4B1-8EE78ADBD819}.Debug|Any CPU.ActiveCfg = Debug|Any CPU
		{22111A52-29C3-40A2-A4B1-8EE78ADBD819}.Debug|Any CPU.Build.0 = Debug|Any CPU
		{22111A52-29C3-40A2-A4B1-8EE78ADBD819}.Release|Any CPU.ActiveCfg = Release|Any CPU
		{22111A52-29C3-40A2-A4B1-8EE78ADBD819}.Release|Any CPU.Build.0 = Release|Any CPU
		{5E5A7FEE-8242-4B00-8F3C-132EB93C32BE}.Debug|Any CPU.ActiveCfg = Debug|Any CPU
		{5E5A7FEE-8242-4B00-8F3C-132EB93C32BE}.Debug|Any CPU.Build.0 = Debug|Any CPU
		{5E5A7FEE-8242-4B00-8F3C-132EB93C32BE}.Release|Any CPU.ActiveCfg = Release|Any CPU
		{5E5A7FEE-8242-4B00-8F3C-132EB93C32BE}.Release|Any CPU.Build.0 = Release|Any CPU
		{473BF8CE-59D2-45DB-9B18-4022CEBCD45C}.Debug|Any CPU.ActiveCfg = Debug|Any CPU
		{473BF8CE-59D2-45DB-9B18-4022CEBCD45C}.Debug|Any CPU.Build.0 = Debug|Any CPU
		{473BF8CE-59D2-45DB-9B18-4022CEBCD45C}.Release|Any CPU.ActiveCfg = Release|Any CPU
		{473BF8CE-59D2-45DB-9B18-4022CEBCD45C}.Release|Any CPU.Build.0 = Release|Any CPU
		{E50A56F3-71EB-411F-A255-AB1999F0F2E6}.Debug|Any CPU.ActiveCfg = Debug|Any CPU
		{E50A56F3-71EB-411F-A255-AB1999F0F2E6}.Debug|Any CPU.Build.0 = Debug|Any CPU
		{E50A56F3-71EB-411F-A255-AB1999F0F2E6}.Release|Any CPU.ActiveCfg = Release|Any CPU
		{E50A56F3-71EB-411F-A255-AB1999F0F2E6}.Release|Any CPU.Build.0 = Release|Any CPU
		{E31A4D6B-D81B-410C-8AEA-920E80EB3832}.Debug|Any CPU.ActiveCfg = Debug|Any CPU
		{E31A4D6B-D81B-410C-8AEA-920E80EB3832}.Debug|Any CPU.Build.0 = Debug|Any CPU
		{E31A4D6B-D81B-410C-8AEA-920E80EB3832}.Release|Any CPU.ActiveCfg = Release|Any CPU
		{E31A4D6B-D81B-410C-8AEA-920E80EB3832}.Release|Any CPU.Build.0 = Release|Any CPU
		{19CA35B9-9E46-4F8C-AEA3-16798BBB96F5}.Debug|Any CPU.ActiveCfg = Debug|Any CPU
		{19CA35B9-9E46-4F8C-AEA3-16798BBB96F5}.Debug|Any CPU.Build.0 = Debug|Any CPU
		{19CA35B9-9E46-4F8C-AEA3-16798BBB96F5}.Release|Any CPU.ActiveCfg = Release|Any CPU
		{19CA35B9-9E46-4F8C-AEA3-16798BBB96F5}.Release|Any CPU.Build.0 = Release|Any CPU
		{71B0FC7F-D3D9-414E-9B14-CE92F8C38D88}.Debug|Any CPU.ActiveCfg = Debug|Any CPU
		{71B0FC7F-D3D9-414E-9B14-CE92F8C38D88}.Debug|Any CPU.Build.0 = Debug|Any CPU
		{71B0FC7F-D3D9-414E-9B14-CE92F8C38D88}.Release|Any CPU.ActiveCfg = Release|Any CPU
		{71B0FC7F-D3D9-414E-9B14-CE92F8C38D88}.Release|Any CPU.Build.0 = Release|Any CPU
		{E284BE85-EA25-432B-863B-73D07217BA2B}.Debug|Any CPU.ActiveCfg = Debug|Any CPU
		{E284BE85-EA25-432B-863B-73D07217BA2B}.Debug|Any CPU.Build.0 = Debug|Any CPU
		{E284BE85-EA25-432B-863B-73D07217BA2B}.Release|Any CPU.ActiveCfg = Release|Any CPU
		{E284BE85-EA25-432B-863B-73D07217BA2B}.Release|Any CPU.Build.0 = Release|Any CPU
		{0164CF08-3B42-4120-947C-A8622E1DF752}.Debug|Any CPU.ActiveCfg = Debug|Any CPU
		{0164CF08-3B42-4120-947C-A8622E1DF752}.Debug|Any CPU.Build.0 = Debug|Any CPU
		{0164CF08-3B42-4120-947C-A8622E1DF752}.Release|Any CPU.ActiveCfg = Release|Any CPU
		{0164CF08-3B42-4120-947C-A8622E1DF752}.Release|Any CPU.Build.0 = Release|Any CPU
		{50BBD4DC-C744-4659-800A-7A88796140F9}.Debug|Any CPU.ActiveCfg = Debug|Any CPU
		{50BBD4DC-C744-4659-800A-7A88796140F9}.Debug|Any CPU.Build.0 = Debug|Any CPU
		{50BBD4DC-C744-4659-800A-7A88796140F9}.Release|Any CPU.ActiveCfg = Release|Any CPU
		{50BBD4DC-C744-4659-800A-7A88796140F9}.Release|Any CPU.Build.0 = Release|Any CPU
	EndGlobalSection
	GlobalSection(SolutionProperties) = preSolution
		HideSolutionNode = FALSE
	EndGlobalSection
	GlobalSection(NestedProjects) = preSolution
		{AC9109E6-6E61-47E6-96DC-EE2B976D7742} = {940F4115-61C8-452B-8D7B-FF1D3CFC132C}
		{276ADB29-5D55-4484-B66A-52551C1AE71F} = {940F4115-61C8-452B-8D7B-FF1D3CFC132C}
		{F994D90F-E23D-4E4C-AA17-C4743C8C9CE0} = {940F4115-61C8-452B-8D7B-FF1D3CFC132C}
		{D5ED899A-318D-4ECB-A3FE-3BFC489BBEFE} = {940F4115-61C8-452B-8D7B-FF1D3CFC132C}
		{9AADD379-AF94-4821-8D9C-A12E9AC96B03} = {940F4115-61C8-452B-8D7B-FF1D3CFC132C}
		{88B26165-CB7D-4109-9641-99CF5BCA1353} = {940F4115-61C8-452B-8D7B-FF1D3CFC132C}
		{6BE87836-8C02-47B4-939D-B27C11CAC86B} = {940F4115-61C8-452B-8D7B-FF1D3CFC132C}
		{749FAA4E-0D69-47CE-9CC7-C37437CF5446} = {940F4115-61C8-452B-8D7B-FF1D3CFC132C}
		{22E26510-5B46-4CFC-8A57-E7963AF869E4} = {940F4115-61C8-452B-8D7B-FF1D3CFC132C}
		{59AA8C99-9E72-4FA5-84C7-1B9A5B52E7DD} = {940F4115-61C8-452B-8D7B-FF1D3CFC132C}
		{8783F73A-B3CF-409B-AB6A-84AD59CB27E7} = {940F4115-61C8-452B-8D7B-FF1D3CFC132C}
		{8D9EEBB3-C40E-4D49-AFB6-3674D7C66D45} = {940F4115-61C8-452B-8D7B-FF1D3CFC132C}
		{5F05F715-A556-4AAC-99C4-DD3CC6E47224} = {940F4115-61C8-452B-8D7B-FF1D3CFC132C}
		{2FA1058A-964E-4FD5-A553-511EA5262B7C} = {940F4115-61C8-452B-8D7B-FF1D3CFC132C}
		{5B0B9DD2-D53F-4BAA-BC2C-08FE4B17E201} = {940F4115-61C8-452B-8D7B-FF1D3CFC132C}
		{6E219389-786D-4421-8653-6EFD6873C6F1} = {940F4115-61C8-452B-8D7B-FF1D3CFC132C}
		{301B9B50-5B0C-4F9D-A03C-B725915B3C77} = {940F4115-61C8-452B-8D7B-FF1D3CFC132C}
		{FFB06C81-0C3F-4E10-ABAB-B275864B4125} = {940F4115-61C8-452B-8D7B-FF1D3CFC132C}
		{FBF238EA-09CB-4C20-9402-6113BFDD1F88} = {940F4115-61C8-452B-8D7B-FF1D3CFC132C}
		{0B7181F1-D8B8-4DB6-8671-2A15D6C30AC2} = {69657366-2DD5-474B-A7AF-4D0A87500D2A}
		{E8C01169-BC4B-4BFC-9AFA-6646838D010C} = {940F4115-61C8-452B-8D7B-FF1D3CFC132C}
		{AEC2312C-8234-4B66-A6E4-0604CE3ADC4F} = {940F4115-61C8-452B-8D7B-FF1D3CFC132C}
		{90845865-0307-4204-B390-826CAB7EA4FA} = {940F4115-61C8-452B-8D7B-FF1D3CFC132C}
		{5FFA37E0-0BE5-4BB0-829F-8AD9A324D0B1} = {940F4115-61C8-452B-8D7B-FF1D3CFC132C}
		{E5320AFA-90EE-4BB1-81A8-66B21BE18A43} = {940F4115-61C8-452B-8D7B-FF1D3CFC132C}
		{D179BA62-AC7D-4AEA-8556-9366CA78998C} = {085C7ED2-E40E-418C-827F-3E7FE70F5783}
		{D4CC1221-DA1A-46B9-8CA5-607530418247} = {085C7ED2-E40E-418C-827F-3E7FE70F5783}
		{A05592DF-8425-42E1-AD20-53BD32C246D8} = {940F4115-61C8-452B-8D7B-FF1D3CFC132C}
		{4C721719-CC77-4989-812F-B37307FC1B96} = {CDDE3D7F-12CE-44C9-A3FC-6ED60B54D747}
		{C9B0E065-E9D7-4734-8EBB-C36D9EAFAED4} = {940F4115-61C8-452B-8D7B-FF1D3CFC132C}
		{5D63ACB4-B63E-4F1C-8A49-B68D4471BFD7} = {CDDE3D7F-12CE-44C9-A3FC-6ED60B54D747}
		{8A04FB0E-A425-4C73-BAD0-EB01F7EDFB2A} = {69657366-2DD5-474B-A7AF-4D0A87500D2A}
		{39CA966E-4A72-4581-BCD8-821930C6D2D2} = {69657366-2DD5-474B-A7AF-4D0A87500D2A}
		{784AE6EC-08B2-4724-B287-B344B96A9395} = {69657366-2DD5-474B-A7AF-4D0A87500D2A}
		{55C68E72-1730-401F-84B5-B6EA756F16F4} = {69657366-2DD5-474B-A7AF-4D0A87500D2A}
		{EAB085A5-BFBC-4F93-9D1A-55B6781B3748} = {69657366-2DD5-474B-A7AF-4D0A87500D2A}
		{8E019FC1-6705-4F6C-B41B-6CF621452F62} = {CDDE3D7F-12CE-44C9-A3FC-6ED60B54D747}
		{D561EDF9-786C-4AAC-8C85-4B250CFDCC0D} = {CDDE3D7F-12CE-44C9-A3FC-6ED60B54D747}
		{81DD7901-5489-4E20-8DA3-8A39BAB0D300} = {69657366-2DD5-474B-A7AF-4D0A87500D2A}
		{0D43BACE-4953-461F-9030-5EC2CEC24009} = {69657366-2DD5-474B-A7AF-4D0A87500D2A}
		{31A68677-E779-4763-A81F-C68D89072B8B} = {CDDE3D7F-12CE-44C9-A3FC-6ED60B54D747}
		{5FC6644A-3FE8-4608-8FEA-79426685DD5B} = {CDDE3D7F-12CE-44C9-A3FC-6ED60B54D747}
		{5AFE7305-CC76-4020-85AB-D88E5EC2F8C6} = {CDDE3D7F-12CE-44C9-A3FC-6ED60B54D747}
		{ED5544F3-894F-4458-96F4-7A3CC01629D1} = {CDDE3D7F-12CE-44C9-A3FC-6ED60B54D747}
		{85F8E6CF-C468-4794-8AAC-F01D4AAF3363} = {CDDE3D7F-12CE-44C9-A3FC-6ED60B54D747}
		{07C8BE1C-B6D5-4726-9DEC-DE6F8F9C04A0} = {CDDE3D7F-12CE-44C9-A3FC-6ED60B54D747}
		{36EF2EDD-D31A-4485-A248-6F5B7186F2D5} = {CDDE3D7F-12CE-44C9-A3FC-6ED60B54D747}
		{D778FA21-562D-426C-AEA1-3E828C82A84C} = {69657366-2DD5-474B-A7AF-4D0A87500D2A}
		{57C21901-8A6A-43AA-825A-CAE651F2F16C} = {69657366-2DD5-474B-A7AF-4D0A87500D2A}
		{207D7FC7-C001-43BF-8465-95B46DAAF9F8} = {69657366-2DD5-474B-A7AF-4D0A87500D2A}
		{868B062D-7A90-42A0-9EE5-0C12DEAFF05C} = {69657366-2DD5-474B-A7AF-4D0A87500D2A}
		{1CCEDAFD-FF91-48F1-A0A7-8D7D3CCA8C2D} = {69657366-2DD5-474B-A7AF-4D0A87500D2A}
		{ED7A178E-1D0B-4A1E-AA88-C410A29B7591} = {CDDE3D7F-12CE-44C9-A3FC-6ED60B54D747}
		{E1F6AA4F-1432-4EF1-811D-2959A11ED512} = {CDDE3D7F-12CE-44C9-A3FC-6ED60B54D747}
		{88788662-A721-4A03-9EED-4425C7AC5355} = {CDDE3D7F-12CE-44C9-A3FC-6ED60B54D747}
		{4EDEBB8F-0A08-4A37-A0CE-F323F28155BB} = {CDDE3D7F-12CE-44C9-A3FC-6ED60B54D747}
		{FB054C6C-4B94-4E17-9F0D-12A9A091F830} = {69657366-2DD5-474B-A7AF-4D0A87500D2A}
		{A2BF481E-AFFF-42C8-8DB3-373CAADD7D90} = {CDDE3D7F-12CE-44C9-A3FC-6ED60B54D747}
		{0A71F1ED-F05E-4EEB-8E93-7AC7A161253C} = {69657366-2DD5-474B-A7AF-4D0A87500D2A}
		{500B2477-B31F-4585-B325-68B7BC8038A2} = {69657366-2DD5-474B-A7AF-4D0A87500D2A}
		{2404888A-3CD1-4E45-9B9E-BA660235AC1A} = {69657366-2DD5-474B-A7AF-4D0A87500D2A}
		{3BC8AA6D-DC50-45EF-A037-035994FEA0C8} = {CDDE3D7F-12CE-44C9-A3FC-6ED60B54D747}
		{C7B155EC-1CBD-4FFC-A621-4D97AA83A373} = {CDDE3D7F-12CE-44C9-A3FC-6ED60B54D747}
		{5E1C3D72-C38D-4E88-B29C-2ABC2200059E} = {CDDE3D7F-12CE-44C9-A3FC-6ED60B54D747}
		{AB3800FA-BAF2-403D-A62D-336A076F26C0} = {69657366-2DD5-474B-A7AF-4D0A87500D2A}
		{D89CB5E8-0DA2-44C4-B2E4-A909E792F4E0} = {88C7637B-3BC7-46BC-8F8E-59C64FF41485}
		{6431F126-C920-4ED2-A7EF-F968DEF0309D} = {88C7637B-3BC7-46BC-8F8E-59C64FF41485}
		{41C899D6-ED86-4ECB-B0AC-20412D0F0A91} = {885370EB-3F23-4D1E-B67A-2FAC6B9DF0D0}
		{42FE7540-7F57-49EC-9D54-A3D9F4C94455} = {085C7ED2-E40E-418C-827F-3E7FE70F5783}
		{1298C2E9-46D0-4087-BF83-4B19ADB8DCF7} = {885370EB-3F23-4D1E-B67A-2FAC6B9DF0D0}
		{22111A52-29C3-40A2-A4B1-8EE78ADBD819} = {085C7ED2-E40E-418C-827F-3E7FE70F5783}
		{5E5A7FEE-8242-4B00-8F3C-132EB93C32BE} = {885370EB-3F23-4D1E-B67A-2FAC6B9DF0D0}
		{473BF8CE-59D2-45DB-9B18-4022CEBCD45C} = {885370EB-3F23-4D1E-B67A-2FAC6B9DF0D0}
		{E50A56F3-71EB-411F-A255-AB1999F0F2E6} = {885370EB-3F23-4D1E-B67A-2FAC6B9DF0D0}
		{E31A4D6B-D81B-410C-8AEA-920E80EB3832} = {885370EB-3F23-4D1E-B67A-2FAC6B9DF0D0}
		{19CA35B9-9E46-4F8C-AEA3-16798BBB96F5} = {885370EB-3F23-4D1E-B67A-2FAC6B9DF0D0}
		{71B0FC7F-D3D9-414E-9B14-CE92F8C38D88} = {885370EB-3F23-4D1E-B67A-2FAC6B9DF0D0}
		{E284BE85-EA25-432B-863B-73D07217BA2B} = {885370EB-3F23-4D1E-B67A-2FAC6B9DF0D0}
		{0164CF08-3B42-4120-947C-A8622E1DF752} = {885370EB-3F23-4D1E-B67A-2FAC6B9DF0D0}
		{50BBD4DC-C744-4659-800A-7A88796140F9} = {885370EB-3F23-4D1E-B67A-2FAC6B9DF0D0}
	EndGlobalSection
	GlobalSection(ExtensibilityGlobals) = postSolution
		SolutionGuid = {7F267DA0-F63E-4AA3-A3B4-CAB7BF2E326B}
	EndGlobalSection
EndGlobal
